
Microsoft Visual Studio Solution File, Format Version 12.00
# Visual Studio 15
VisualStudioVersion = 15.0.26124.0
MinimumVisualStudioVersion = 15.0.26124.0
Project("{2150E333-8FDC-42A3-9474-1A3956D46DE8}") = "src", "src", "{81A88325-CFB2-4735-949D-7F954EC3B448}"
EndProject
Project("{FAE04EC0-301F-11D3-BF4B-00C04F79EFBC}") = "Gradebook", "src\Gradebook\Gradebook.csproj", "{34C28371-66C7-40B8-8A9F-0F4270D232A7}"
EndProject
Project("{2150E333-8FDC-42A3-9474-1A3956D46DE8}") = "test", "test", "{1C2B154F-DAEE-43EE-9DAC-C23BA34425DE}"
EndProject
Project("{FAE04EC0-301F-11D3-BF4B-00C04F79EFBC}") = "Gradebook.Tests", "test\Gradebook.Tests\Gradebook.Tests.csproj", "{FD159E85-46CB-411A-808E-FA7239257A40}"
EndProject
Global
	GlobalSection(SolutionConfigurationPlatforms) = preSolution
		Debug|Any CPU = Debug|Any CPU
		Debug|x64 = Debug|x64
		Debug|x86 = Debug|x86
		Release|Any CPU = Release|Any CPU
		Release|x64 = Release|x64
		Release|x86 = Release|x86
	EndGlobalSection
	GlobalSection(SolutionProperties) = preSolution
		HideSolutionNode = FALSE
	EndGlobalSection
	GlobalSection(ProjectConfigurationPlatforms) = postSolution
		{34C28371-66C7-40B8-8A9F-0F4270D232A7}.Debug|Any CPU.ActiveCfg = Debug|Any CPU
		{34C28371-66C7-40B8-8A9F-0F4270D232A7}.Debug|Any CPU.Build.0 = Debug|Any CPU
		{34C28371-66C7-40B8-8A9F-0F4270D232A7}.Debug|x64.ActiveCfg = Debug|Any CPU
		{34C28371-66C7-40B8-8A9F-0F4270D232A7}.Debug|x64.Build.0 = Debug|Any CPU
		{34C28371-66C7-40B8-8A9F-0F4270D232A7}.Debug|x86.ActiveCfg = Debug|Any CPU
		{34C28371-66C7-40B8-8A9F-0F4270D232A7}.Debug|x86.Build.0 = Debug|Any CPU
		{34C28371-66C7-40B8-8A9F-0F4270D232A7}.Release|Any CPU.ActiveCfg = Release|Any CPU
		{34C28371-66C7-40B8-8A9F-0F4270D232A7}.Release|Any CPU.Build.0 = Release|Any CPU
		{34C28371-66C7-40B8-8A9F-0F4270D232A7}.Release|x64.ActiveCfg = Release|Any CPU
		{34C28371-66C7-40B8-8A9F-0F4270D232A7}.Release|x64.Build.0 = Release|Any CPU
		{34C28371-66C7-40B8-8A9F-0F4270D232A7}.Release|x86.ActiveCfg = Release|Any CPU
		{34C28371-66C7-40B8-8A9F-0F4270D232A7}.Release|x86.Build.0 = Release|Any CPU
		{FD159E85-46CB-411A-808E-FA7239257A40}.Debug|Any CPU.ActiveCfg = Debug|Any CPU
		{FD159E85-46CB-411A-808E-FA7239257A40}.Debug|Any CPU.Build.0 = Debug|Any CPU
		{FD159E85-46CB-411A-808E-FA7239257A40}.Debug|x64.ActiveCfg = Debug|Any CPU
		{FD159E85-46CB-411A-808E-FA7239257A40}.Debug|x64.Build.0 = Debug|Any CPU
		{FD159E85-46CB-411A-808E-FA7239257A40}.Debug|x86.ActiveCfg = Debug|Any CPU
		{FD159E85-46CB-411A-808E-FA7239257A40}.Debug|x86.Build.0 = Debug|Any CPU
		{FD159E85-46CB-411A-808E-FA7239257A40}.Release|Any CPU.ActiveCfg = Release|Any CPU
		{FD159E85-46CB-411A-808E-FA7239257A40}.Release|Any CPU.Build.0 = Release|Any CPU
		{FD159E85-46CB-411A-808E-FA7239257A40}.Release|x64.ActiveCfg = Release|Any CPU
		{FD159E85-46CB-411A-808E-FA7239257A40}.Release|x64.Build.0 = Release|Any CPU
		{FD159E85-46CB-411A-808E-FA7239257A40}.Release|x86.ActiveCfg = Release|Any CPU
		{FD159E85-46CB-411A-808E-FA7239257A40}.Release|x86.Build.0 = Release|Any CPU
	EndGlobalSection
	GlobalSection(NestedProjects) = preSolution
		{34C28371-66C7-40B8-8A9F-0F4270D232A7} = {81A88325-CFB2-4735-949D-7F954EC3B448}
		{FD159E85-46CB-411A-808E-FA7239257A40} = {1C2B154F-DAEE-43EE-9DAC-C23BA34425DE}
	EndGlobalSection
EndGlobal
